// !$*UTF8*$!
{
	archiveVersion = 1;
	classes = {
	};
	objectVersion = 51;
	objects = {

/* Begin PBXBuildFile section */
		B7014260492E8AF5968AB04E /* Pods_RoomAndSsance.framework in Frameworks */ = {isa = PBXBuildFile; fileRef = BDA69DBA478822A2F4899C00 /* Pods_RoomAndSsance.framework */; };
		C738166424FCEF9B00C34B8B /* HistoryViewController.swift in Sources */ = {isa = PBXBuildFile; fileRef = C738166324FCEF9B00C34B8B /* HistoryViewController.swift */; };
		C738166824FCF08E00C34B8B /* HistoryPostViewController.swift in Sources */ = {isa = PBXBuildFile; fileRef = C738166724FCF08E00C34B8B /* HistoryPostViewController.swift */; };
		C738166A24FCF0A000C34B8B /* HistoryCommentViewController.swift in Sources */ = {isa = PBXBuildFile; fileRef = C738166924FCF0A000C34B8B /* HistoryCommentViewController.swift */; };
		C738166C24FCF0B100C34B8B /* HistoryLikeViewController.swift in Sources */ = {isa = PBXBuildFile; fileRef = C738166B24FCF0B100C34B8B /* HistoryLikeViewController.swift */; };
		C752854624FCC68700B37E5D /* RoomCommunityTableViewCell.swift in Sources */ = {isa = PBXBuildFile; fileRef = C752854524FCC68700B37E5D /* RoomCommunityTableViewCell.swift */; };
		C764505C24E27428005F654B /* AppDelegate.swift in Sources */ = {isa = PBXBuildFile; fileRef = C764505B24E27428005F654B /* AppDelegate.swift */; };
		C764505E24E27428005F654B /* SceneDelegate.swift in Sources */ = {isa = PBXBuildFile; fileRef = C764505D24E27428005F654B /* SceneDelegate.swift */; };
		C764506024E27428005F654B /* ViewController.swift in Sources */ = {isa = PBXBuildFile; fileRef = C764505F24E27428005F654B /* ViewController.swift */; };
		C764506324E27428005F654B /* Main.storyboard in Resources */ = {isa = PBXBuildFile; fileRef = C764506124E27428005F654B /* Main.storyboard */; };
		C764506524E27429005F654B /* Assets.xcassets in Resources */ = {isa = PBXBuildFile; fileRef = C764506424E27429005F654B /* Assets.xcassets */; };
		C764506824E27429005F654B /* LaunchScreen.storyboard in Resources */ = {isa = PBXBuildFile; fileRef = C764506624E27429005F654B /* LaunchScreen.storyboard */; };
		C796ABBB24FC7B6D000A2EC5 /* BoardViewController.swift in Sources */ = {isa = PBXBuildFile; fileRef = C796ABBA24FC7B6D000A2EC5 /* BoardViewController.swift */; };
		C796ABBD24FC7CA1000A2EC5 /* RoomCommunityViewController.swift in Sources */ = {isa = PBXBuildFile; fileRef = C796ABBC24FC7CA1000A2EC5 /* RoomCommunityViewController.swift */; };
		C7BA81FF24EBA27000C2F739 /* TimeTableViewController.swift in Sources */ = {isa = PBXBuildFile; fileRef = C7BA81FE24EBA27000C2F739 /* TimeTableViewController.swift */; };
		C7BA820224EBA61A00C2F739 /* HorizontalFloatingHeaderLayout.swift in Sources */ = {isa = PBXBuildFile; fileRef = C7BA820124EBA61A00C2F739 /* HorizontalFloatingHeaderLayout.swift */; };
		C7BA820824EBA88E00C2F739 /* WeeklyTimeTableViewController.swift in Sources */ = {isa = PBXBuildFile; fileRef = C7BA820724EBA88E00C2F739 /* WeeklyTimeTableViewController.swift */; };
		C7BA820A24EBA89500C2F739 /* MonthlyTimeTableViewController.swift in Sources */ = {isa = PBXBuildFile; fileRef = C7BA820924EBA89500C2F739 /* MonthlyTimeTableViewController.swift */; };
		C7BA820C24EBAA3B00C2F739 /* UIView+constraints.swift in Sources */ = {isa = PBXBuildFile; fileRef = C7BA820B24EBAA3B00C2F739 /* UIView+constraints.swift */; };
		C7BA820E24EBAE3E00C2F739 /* DateFormatters.swift in Sources */ = {isa = PBXBuildFile; fileRef = C7BA820D24EBAE3E00C2F739 /* DateFormatters.swift */; };
		C7BA821024EBB03200C2F739 /* MonthlyPagingCell.swift in Sources */ = {isa = PBXBuildFile; fileRef = C7BA820F24EBB03200C2F739 /* MonthlyPagingCell.swift */; };
		C7BA821224EBB05700C2F739 /* UIColor+interpolation.swift in Sources */ = {isa = PBXBuildFile; fileRef = C7BA821124EBB05700C2F739 /* UIColor+interpolation.swift */; };
		C7BA821424EBB48C00C2F739 /* ContentViewController.swift in Sources */ = {isa = PBXBuildFile; fileRef = C7BA821324EBB48C00C2F739 /* ContentViewController.swift */; };
		C7BA823624EBCD2D00C2F739 /* HeaderView.xib in Resources */ = {isa = PBXBuildFile; fileRef = C7BA823524EBCD2D00C2F739 /* HeaderView.xib */; };
		C7D19DFF24ECB242006A6E3B /* WeeklyCollectionViewController.swift in Sources */ = {isa = PBXBuildFile; fileRef = C7D19DFE24ECB242006A6E3B /* WeeklyCollectionViewController.swift */; };
		C7D19E0124ECB24C006A6E3B /* WeeklyCollectionViewCell.swift in Sources */ = {isa = PBXBuildFile; fileRef = C7D19E0024ECB24C006A6E3B /* WeeklyCollectionViewCell.swift */; };
		C7D19E0324ECB25C006A6E3B /* ClassTableViewCell.swift in Sources */ = {isa = PBXBuildFile; fileRef = C7D19E0224ECB25B006A6E3B /* ClassTableViewCell.swift */; };
		C7D19E0524ECB7DA006A6E3B /* MonthlyCalendarViewController.swift in Sources */ = {isa = PBXBuildFile; fileRef = C7D19E0424ECB7DA006A6E3B /* MonthlyCalendarViewController.swift */; };
		C7D19E0724ECFC71006A6E3B /* HomeViewController.swift in Sources */ = {isa = PBXBuildFile; fileRef = C7D19E0624ECFC71006A6E3B /* HomeViewController.swift */; };
		C7D19E0B24EDFC8D006A6E3B /* MyPageViewController.swift in Sources */ = {isa = PBXBuildFile; fileRef = C7D19E0A24EDFC8D006A6E3B /* MyPageViewController.swift */; };
		C7D19E0D24EE0F86006A6E3B /* SettingViewController.swift in Sources */ = {isa = PBXBuildFile; fileRef = C7D19E0C24EE0F86006A6E3B /* SettingViewController.swift */; };
		C7D19E0F24EE4D31006A6E3B /* MyPagePagingCell.swift in Sources */ = {isa = PBXBuildFile; fileRef = C7D19E0E24EE4D31006A6E3B /* MyPagePagingCell.swift */; };
		C7D19E1124EFF039006A6E3B /* ClassPageViewController.swift in Sources */ = {isa = PBXBuildFile; fileRef = C7D19E1024EFF039006A6E3B /* ClassPageViewController.swift */; };
		C7D19E1324F3401D006A6E3B /* WeeklyPagingCell.swift in Sources */ = {isa = PBXBuildFile; fileRef = C7D19E1224F3401D006A6E3B /* WeeklyPagingCell.swift */; };
		C7D19E1524F38E9D006A6E3B /* MyRoomViewController.swift in Sources */ = {isa = PBXBuildFile; fileRef = C7D19E1424F38E9D006A6E3B /* MyRoomViewController.swift */; };
		C7D19E1724F38EA6006A6E3B /* ScrapViewController.swift in Sources */ = {isa = PBXBuildFile; fileRef = C7D19E1624F38EA6006A6E3B /* ScrapViewController.swift */; };
		C7D19E1924F38EAE006A6E3B /* PaymentViewController.swift in Sources */ = {isa = PBXBuildFile; fileRef = C7D19E1824F38EAE006A6E3B /* PaymentViewController.swift */; };
		C7D19E1D24F3A280006A6E3B /* RoomNoticeViewController.swift in Sources */ = {isa = PBXBuildFile; fileRef = C7D19E1C24F3A280006A6E3B /* RoomNoticeViewController.swift */; };
		C7D19E2124F3A37D006A6E3B /* RoomNoticeTableViewCell.swift in Sources */ = {isa = PBXBuildFile; fileRef = C7D19E2024F3A37D006A6E3B /* RoomNoticeTableViewCell.swift */; };
		C7E631CE24F77C320018A531 /* ClassInfoViewController.swift in Sources */ = {isa = PBXBuildFile; fileRef = C7E631CD24F77C320018A531 /* ClassInfoViewController.swift */; };
		C7E631D024F77C9E0018A531 /* ClassScheduleViewController.swift in Sources */ = {isa = PBXBuildFile; fileRef = C7E631CF24F77C9E0018A531 /* ClassScheduleViewController.swift */; };
		C7E631D224F77CBC0018A531 /* ClassReviewViewController.swift in Sources */ = {isa = PBXBuildFile; fileRef = C7E631D124F77CBC0018A531 /* ClassReviewViewController.swift */; };
/* End PBXBuildFile section */

/* Begin PBXFileReference section */
		910CD985E17207E55336A6AB /* Pods-RoomAndSsance.debug.xcconfig */ = {isa = PBXFileReference; includeInIndex = 1; lastKnownFileType = text.xcconfig; name = "Pods-RoomAndSsance.debug.xcconfig"; path = "Target Support Files/Pods-RoomAndSsance/Pods-RoomAndSsance.debug.xcconfig"; sourceTree = "<group>"; };
		A67CF2B1835B877554A7A372 /* Pods-RoomAndSsance.release.xcconfig */ = {isa = PBXFileReference; includeInIndex = 1; lastKnownFileType = text.xcconfig; name = "Pods-RoomAndSsance.release.xcconfig"; path = "Target Support Files/Pods-RoomAndSsance/Pods-RoomAndSsance.release.xcconfig"; sourceTree = "<group>"; };
		BDA69DBA478822A2F4899C00 /* Pods_RoomAndSsance.framework */ = {isa = PBXFileReference; explicitFileType = wrapper.framework; includeInIndex = 0; path = Pods_RoomAndSsance.framework; sourceTree = BUILT_PRODUCTS_DIR; };
		C738166324FCEF9B00C34B8B /* HistoryViewController.swift */ = {isa = PBXFileReference; lastKnownFileType = sourcecode.swift; path = HistoryViewController.swift; sourceTree = "<group>"; };
		C738166724FCF08E00C34B8B /* HistoryPostViewController.swift */ = {isa = PBXFileReference; lastKnownFileType = sourcecode.swift; path = HistoryPostViewController.swift; sourceTree = "<group>"; };
		C738166924FCF0A000C34B8B /* HistoryCommentViewController.swift */ = {isa = PBXFileReference; lastKnownFileType = sourcecode.swift; path = HistoryCommentViewController.swift; sourceTree = "<group>"; };
		C738166B24FCF0B100C34B8B /* HistoryLikeViewController.swift */ = {isa = PBXFileReference; lastKnownFileType = sourcecode.swift; path = HistoryLikeViewController.swift; sourceTree = "<group>"; };
		C752854524FCC68700B37E5D /* RoomCommunityTableViewCell.swift */ = {isa = PBXFileReference; lastKnownFileType = sourcecode.swift; path = RoomCommunityTableViewCell.swift; sourceTree = "<group>"; };
		C764505824E27428005F654B /* RoomAndSsance.app */ = {isa = PBXFileReference; explicitFileType = wrapper.application; includeInIndex = 0; path = RoomAndSsance.app; sourceTree = BUILT_PRODUCTS_DIR; };
		C764505B24E27428005F654B /* AppDelegate.swift */ = {isa = PBXFileReference; lastKnownFileType = sourcecode.swift; path = AppDelegate.swift; sourceTree = "<group>"; };
		C764505D24E27428005F654B /* SceneDelegate.swift */ = {isa = PBXFileReference; lastKnownFileType = sourcecode.swift; path = SceneDelegate.swift; sourceTree = "<group>"; };
		C764505F24E27428005F654B /* ViewController.swift */ = {isa = PBXFileReference; lastKnownFileType = sourcecode.swift; path = ViewController.swift; sourceTree = "<group>"; };
		C764506224E27428005F654B /* Base */ = {isa = PBXFileReference; lastKnownFileType = file.storyboard; name = Base; path = Base.lproj/Main.storyboard; sourceTree = "<group>"; };
		C764506424E27429005F654B /* Assets.xcassets */ = {isa = PBXFileReference; lastKnownFileType = folder.assetcatalog; path = Assets.xcassets; sourceTree = "<group>"; };
		C764506724E27429005F654B /* Base */ = {isa = PBXFileReference; lastKnownFileType = file.storyboard; name = Base; path = Base.lproj/LaunchScreen.storyboard; sourceTree = "<group>"; };
		C764506924E27429005F654B /* Info.plist */ = {isa = PBXFileReference; lastKnownFileType = text.plist.xml; path = Info.plist; sourceTree = "<group>"; };
		C796ABBA24FC7B6D000A2EC5 /* BoardViewController.swift */ = {isa = PBXFileReference; lastKnownFileType = sourcecode.swift; path = BoardViewController.swift; sourceTree = "<group>"; };
		C796ABBC24FC7CA1000A2EC5 /* RoomCommunityViewController.swift */ = {isa = PBXFileReference; lastKnownFileType = sourcecode.swift; path = RoomCommunityViewController.swift; sourceTree = "<group>"; };
		C7BA81FE24EBA27000C2F739 /* TimeTableViewController.swift */ = {isa = PBXFileReference; lastKnownFileType = sourcecode.swift; path = TimeTableViewController.swift; sourceTree = "<group>"; };
		C7BA820124EBA61A00C2F739 /* HorizontalFloatingHeaderLayout.swift */ = {isa = PBXFileReference; lastKnownFileType = sourcecode.swift; path = HorizontalFloatingHeaderLayout.swift; sourceTree = "<group>"; };
		C7BA820724EBA88E00C2F739 /* WeeklyTimeTableViewController.swift */ = {isa = PBXFileReference; lastKnownFileType = sourcecode.swift; path = WeeklyTimeTableViewController.swift; sourceTree = "<group>"; };
		C7BA820924EBA89500C2F739 /* MonthlyTimeTableViewController.swift */ = {isa = PBXFileReference; lastKnownFileType = sourcecode.swift; path = MonthlyTimeTableViewController.swift; sourceTree = "<group>"; };
		C7BA820B24EBAA3B00C2F739 /* UIView+constraints.swift */ = {isa = PBXFileReference; lastKnownFileType = sourcecode.swift; path = "UIView+constraints.swift"; sourceTree = "<group>"; };
		C7BA820D24EBAE3E00C2F739 /* DateFormatters.swift */ = {isa = PBXFileReference; lastKnownFileType = sourcecode.swift; path = DateFormatters.swift; sourceTree = "<group>"; };
		C7BA820F24EBB03200C2F739 /* MonthlyPagingCell.swift */ = {isa = PBXFileReference; lastKnownFileType = sourcecode.swift; path = MonthlyPagingCell.swift; sourceTree = "<group>"; };
		C7BA821124EBB05700C2F739 /* UIColor+interpolation.swift */ = {isa = PBXFileReference; lastKnownFileType = sourcecode.swift; path = "UIColor+interpolation.swift"; sourceTree = "<group>"; };
		C7BA821324EBB48C00C2F739 /* ContentViewController.swift */ = {isa = PBXFileReference; lastKnownFileType = sourcecode.swift; path = ContentViewController.swift; sourceTree = "<group>"; };
		C7BA823524EBCD2D00C2F739 /* HeaderView.xib */ = {isa = PBXFileReference; lastKnownFileType = file.xib; path = HeaderView.xib; sourceTree = "<group>"; };
		C7D19DFE24ECB242006A6E3B /* WeeklyCollectionViewController.swift */ = {isa = PBXFileReference; lastKnownFileType = sourcecode.swift; path = WeeklyCollectionViewController.swift; sourceTree = "<group>"; };
		C7D19E0024ECB24C006A6E3B /* WeeklyCollectionViewCell.swift */ = {isa = PBXFileReference; lastKnownFileType = sourcecode.swift; path = WeeklyCollectionViewCell.swift; sourceTree = "<group>"; };
		C7D19E0224ECB25B006A6E3B /* ClassTableViewCell.swift */ = {isa = PBXFileReference; lastKnownFileType = sourcecode.swift; path = ClassTableViewCell.swift; sourceTree = "<group>"; };
		C7D19E0424ECB7DA006A6E3B /* MonthlyCalendarViewController.swift */ = {isa = PBXFileReference; lastKnownFileType = sourcecode.swift; path = MonthlyCalendarViewController.swift; sourceTree = "<group>"; };
		C7D19E0624ECFC71006A6E3B /* HomeViewController.swift */ = {isa = PBXFileReference; lastKnownFileType = sourcecode.swift; path = HomeViewController.swift; sourceTree = "<group>"; };
		C7D19E0A24EDFC8D006A6E3B /* MyPageViewController.swift */ = {isa = PBXFileReference; lastKnownFileType = sourcecode.swift; path = MyPageViewController.swift; sourceTree = "<group>"; };
		C7D19E0C24EE0F86006A6E3B /* SettingViewController.swift */ = {isa = PBXFileReference; lastKnownFileType = sourcecode.swift; path = SettingViewController.swift; sourceTree = "<group>"; };
		C7D19E0E24EE4D31006A6E3B /* MyPagePagingCell.swift */ = {isa = PBXFileReference; lastKnownFileType = sourcecode.swift; path = MyPagePagingCell.swift; sourceTree = "<group>"; };
		C7D19E1024EFF039006A6E3B /* ClassPageViewController.swift */ = {isa = PBXFileReference; lastKnownFileType = sourcecode.swift; path = ClassPageViewController.swift; sourceTree = "<group>"; };
		C7D19E1224F3401D006A6E3B /* WeeklyPagingCell.swift */ = {isa = PBXFileReference; lastKnownFileType = sourcecode.swift; path = WeeklyPagingCell.swift; sourceTree = "<group>"; };
		C7D19E1424F38E9D006A6E3B /* MyRoomViewController.swift */ = {isa = PBXFileReference; lastKnownFileType = sourcecode.swift; path = MyRoomViewController.swift; sourceTree = "<group>"; };
		C7D19E1624F38EA6006A6E3B /* ScrapViewController.swift */ = {isa = PBXFileReference; lastKnownFileType = sourcecode.swift; path = ScrapViewController.swift; sourceTree = "<group>"; };
		C7D19E1824F38EAE006A6E3B /* PaymentViewController.swift */ = {isa = PBXFileReference; lastKnownFileType = sourcecode.swift; path = PaymentViewController.swift; sourceTree = "<group>"; };
		C7D19E1C24F3A280006A6E3B /* RoomNoticeViewController.swift */ = {isa = PBXFileReference; lastKnownFileType = sourcecode.swift; path = RoomNoticeViewController.swift; sourceTree = "<group>"; };
		C7D19E2024F3A37D006A6E3B /* RoomNoticeTableViewCell.swift */ = {isa = PBXFileReference; lastKnownFileType = sourcecode.swift; path = RoomNoticeTableViewCell.swift; sourceTree = "<group>"; };
		C7E631CD24F77C320018A531 /* ClassInfoViewController.swift */ = {isa = PBXFileReference; lastKnownFileType = sourcecode.swift; path = ClassInfoViewController.swift; sourceTree = "<group>"; };
		C7E631CF24F77C9E0018A531 /* ClassScheduleViewController.swift */ = {isa = PBXFileReference; lastKnownFileType = sourcecode.swift; path = ClassScheduleViewController.swift; sourceTree = "<group>"; };
		C7E631D124F77CBC0018A531 /* ClassReviewViewController.swift */ = {isa = PBXFileReference; lastKnownFileType = sourcecode.swift; path = ClassReviewViewController.swift; sourceTree = "<group>"; };
/* End PBXFileReference section */

/* Begin PBXFrameworksBuildPhase section */
		C764505524E27428005F654B /* Frameworks */ = {
			isa = PBXFrameworksBuildPhase;
			buildActionMask = 2147483647;
			files = (
				B7014260492E8AF5968AB04E /* Pods_RoomAndSsance.framework in Frameworks */,
			);
			runOnlyForDeploymentPostprocessing = 0;
		};
/* End PBXFrameworksBuildPhase section */

/* Begin PBXGroup section */
		54197CC6E89CB6B57EE15DC2 /* Frameworks */ = {
			isa = PBXGroup;
			children = (
				BDA69DBA478822A2F4899C00 /* Pods_RoomAndSsance.framework */,
			);
			name = Frameworks;
			sourceTree = "<group>";
		};
		7B181CA7724414D0DD0EBABF /* Pods */ = {
			isa = PBXGroup;
			children = (
				910CD985E17207E55336A6AB /* Pods-RoomAndSsance.debug.xcconfig */,
				A67CF2B1835B877554A7A372 /* Pods-RoomAndSsance.release.xcconfig */,
			);
			path = Pods;
			sourceTree = "<group>";
		};
		C738166224FCEF8900C34B8B /* History */ = {
			isa = PBXGroup;
			children = (
				C738166324FCEF9B00C34B8B /* HistoryViewController.swift */,
				C738166724FCF08E00C34B8B /* HistoryPostViewController.swift */,
				C738166924FCF0A000C34B8B /* HistoryCommentViewController.swift */,
				C738166B24FCF0B100C34B8B /* HistoryLikeViewController.swift */,
			);
			path = History;
			sourceTree = "<group>";
		};
		C738166524FCEFC900C34B8B /* Setting */ = {
			isa = PBXGroup;
			children = (
				C7D19E0C24EE0F86006A6E3B /* SettingViewController.swift */,
			);
			path = Setting;
			sourceTree = "<group>";
		};
		C738166624FCF04700C34B8B /* MyPageLists */ = {
			isa = PBXGroup;
			children = (
				C7D19E1424F38E9D006A6E3B /* MyRoomViewController.swift */,
				C7D19E1624F38EA6006A6E3B /* ScrapViewController.swift */,
				C7D19E1824F38EAE006A6E3B /* PaymentViewController.swift */,
			);
			path = MyPageLists;
			sourceTree = "<group>";
		};
		C752854324FCC66B00B37E5D /* Notice */ = {
			isa = PBXGroup;
			children = (
				C7D19E1C24F3A280006A6E3B /* RoomNoticeViewController.swift */,
				C7D19E2024F3A37D006A6E3B /* RoomNoticeTableViewCell.swift */,
			);
			path = Notice;
			sourceTree = "<group>";
		};
		C752854424FCC67500B37E5D /* Community */ = {
			isa = PBXGroup;
			children = (
				C796ABBC24FC7CA1000A2EC5 /* RoomCommunityViewController.swift */,
				C752854524FCC68700B37E5D /* RoomCommunityTableViewCell.swift */,
			);
			path = Community;
			sourceTree = "<group>";
		};
		C764504F24E27428005F654B = {
			isa = PBXGroup;
			children = (
				C764505A24E27428005F654B /* RoomAndSsance */,
				C764505924E27428005F654B /* Products */,
				7B181CA7724414D0DD0EBABF /* Pods */,
				54197CC6E89CB6B57EE15DC2 /* Frameworks */,
			);
			sourceTree = "<group>";
		};
		C764505924E27428005F654B /* Products */ = {
			isa = PBXGroup;
			children = (
				C764505824E27428005F654B /* RoomAndSsance.app */,
			);
			name = Products;
			sourceTree = "<group>";
		};
		C764505A24E27428005F654B /* RoomAndSsance */ = {
			isa = PBXGroup;
			children = (
				C764505B24E27428005F654B /* AppDelegate.swift */,
				C764505D24E27428005F654B /* SceneDelegate.swift */,
				C764505F24E27428005F654B /* ViewController.swift */,
				C7BA820324EBA6B900C2F739 /* Home */,
				C7BA820424EBA6C000C2F739 /* TimeTable */,
				C7BA820524EBA6CE00C2F739 /* Chat */,
				C7BA820624EBA6D800C2F739 /* MyPage */,
				C7BA820024EBA60700C2F739 /* Util */,
				C764506124E27428005F654B /* Main.storyboard */,
				C764506424E27429005F654B /* Assets.xcassets */,
				C764506624E27429005F654B /* LaunchScreen.storyboard */,
				C764506924E27429005F654B /* Info.plist */,
			);
			path = RoomAndSsance;
			sourceTree = "<group>";
		};
		C796ABB924FC7B5A000A2EC5 /* Board */ = {
			isa = PBXGroup;
			children = (
				C796ABBA24FC7B6D000A2EC5 /* BoardViewController.swift */,
				C752854324FCC66B00B37E5D /* Notice */,
				C752854424FCC67500B37E5D /* Community */,
			);
			path = Board;
			sourceTree = "<group>";
		};
		C7BA820024EBA60700C2F739 /* Util */ = {
			isa = PBXGroup;
			children = (
				C7BA820D24EBAE3E00C2F739 /* DateFormatters.swift */,
				C7BA820124EBA61A00C2F739 /* HorizontalFloatingHeaderLayout.swift */,
				C7BA821324EBB48C00C2F739 /* ContentViewController.swift */,
				C7BA820B24EBAA3B00C2F739 /* UIView+constraints.swift */,
				C7BA821124EBB05700C2F739 /* UIColor+interpolation.swift */,
			);
			path = Util;
			sourceTree = "<group>";
		};
		C7BA820324EBA6B900C2F739 /* Home */ = {
			isa = PBXGroup;
			children = (
				C7D19E0624ECFC71006A6E3B /* HomeViewController.swift */,
				C7D19E1024EFF039006A6E3B /* ClassPageViewController.swift */,
				C7E631CD24F77C320018A531 /* ClassInfoViewController.swift */,
				C7E631CF24F77C9E0018A531 /* ClassScheduleViewController.swift */,
				C7E631D124F77CBC0018A531 /* ClassReviewViewController.swift */,
			);
			path = Home;
			sourceTree = "<group>";
		};
		C7BA820424EBA6C000C2F739 /* TimeTable */ = {
			isa = PBXGroup;
			children = (
				C7BA81FE24EBA27000C2F739 /* TimeTableViewController.swift */,
				C7BA821D24EBBF0A00C2F739 /* Weekly */,
				C7BA821E24EBBF1400C2F739 /* Monthly */,
				C796ABB924FC7B5A000A2EC5 /* Board */,
			);
			path = TimeTable;
			sourceTree = "<group>";
		};
		C7BA820524EBA6CE00C2F739 /* Chat */ = {
			isa = PBXGroup;
			children = (
			);
			path = Chat;
			sourceTree = "<group>";
		};
		C7BA820624EBA6D800C2F739 /* MyPage */ = {
			isa = PBXGroup;
			children = (
				C7D19E0A24EDFC8D006A6E3B /* MyPageViewController.swift */,
				C7D19E0E24EE4D31006A6E3B /* MyPagePagingCell.swift */,
				C738166624FCF04700C34B8B /* MyPageLists */,
				C738166224FCEF8900C34B8B /* History */,
				C738166524FCEFC900C34B8B /* Setting */,
			);
			path = MyPage;
			sourceTree = "<group>";
		};
		C7BA821D24EBBF0A00C2F739 /* Weekly */ = {
			isa = PBXGroup;
			children = (
				C7BA820724EBA88E00C2F739 /* WeeklyTimeTableViewController.swift */,
				C7D19E1224F3401D006A6E3B /* WeeklyPagingCell.swift */,
				C7D19DFE24ECB242006A6E3B /* WeeklyCollectionViewController.swift */,
				C7D19E0024ECB24C006A6E3B /* WeeklyCollectionViewCell.swift */,
				C7D19E0224ECB25B006A6E3B /* ClassTableViewCell.swift */,
				C7BA823524EBCD2D00C2F739 /* HeaderView.xib */,
			);
			path = Weekly;
			sourceTree = "<group>";
		};
		C7BA821E24EBBF1400C2F739 /* Monthly */ = {
			isa = PBXGroup;
			children = (
				C7BA820924EBA89500C2F739 /* MonthlyTimeTableViewController.swift */,
				C7BA820F24EBB03200C2F739 /* MonthlyPagingCell.swift */,
				C7D19E0424ECB7DA006A6E3B /* MonthlyCalendarViewController.swift */,
			);
			path = Monthly;
			sourceTree = "<group>";
		};
/* End PBXGroup section */

/* Begin PBXNativeTarget section */
		C764505724E27428005F654B /* RoomAndSsance */ = {
			isa = PBXNativeTarget;
			buildConfigurationList = C764506C24E27429005F654B /* Build configuration list for PBXNativeTarget "RoomAndSsance" */;
			buildPhases = (
				40BF23547F372AF1D25F2A75 /* [CP] Check Pods Manifest.lock */,
				C764505424E27428005F654B /* Sources */,
				C764505524E27428005F654B /* Frameworks */,
				C764505624E27428005F654B /* Resources */,
				8355AA1939327B23A7A1136A /* [CP] Embed Pods Frameworks */,
			);
			buildRules = (
			);
			dependencies = (
			);
			name = RoomAndSsance;
			productName = RoomAndSsance;
			productReference = C764505824E27428005F654B /* RoomAndSsance.app */;
			productType = "com.apple.product-type.application";
		};
/* End PBXNativeTarget section */

/* Begin PBXProject section */
		C764505024E27428005F654B /* Project object */ = {
			isa = PBXProject;
			attributes = {
				LastSwiftUpdateCheck = 1160;
				LastUpgradeCheck = 1160;
				ORGANIZATIONNAME = Yonghyun;
				TargetAttributes = {
					C764505724E27428005F654B = {
						CreatedOnToolsVersion = 11.6;
					};
				};
			};
			buildConfigurationList = C764505324E27428005F654B /* Build configuration list for PBXProject "RoomAndSsance" */;
			compatibilityVersion = "Xcode 9.3";
			developmentRegion = en;
			hasScannedForEncodings = 0;
			knownRegions = (
				en,
				Base,
			);
			mainGroup = C764504F24E27428005F654B;
			productRefGroup = C764505924E27428005F654B /* Products */;
			projectDirPath = "";
			projectRoot = "";
			targets = (
				C764505724E27428005F654B /* RoomAndSsance */,
			);
		};
/* End PBXProject section */

/* Begin PBXResourcesBuildPhase section */
		C764505624E27428005F654B /* Resources */ = {
			isa = PBXResourcesBuildPhase;
			buildActionMask = 2147483647;
			files = (
				C764506824E27429005F654B /* LaunchScreen.storyboard in Resources */,
				C764506524E27429005F654B /* Assets.xcassets in Resources */,
				C764506324E27428005F654B /* Main.storyboard in Resources */,
				C7BA823624EBCD2D00C2F739 /* HeaderView.xib in Resources */,
			);
			runOnlyForDeploymentPostprocessing = 0;
		};
/* End PBXResourcesBuildPhase section */

/* Begin PBXShellScriptBuildPhase section */
		40BF23547F372AF1D25F2A75 /* [CP] Check Pods Manifest.lock */ = {
			isa = PBXShellScriptBuildPhase;
			buildActionMask = 2147483647;
			files = (
			);
			inputFileListPaths = (
			);
			inputPaths = (
				"${PODS_PODFILE_DIR_PATH}/Podfile.lock",
				"${PODS_ROOT}/Manifest.lock",
			);
			name = "[CP] Check Pods Manifest.lock";
			outputFileListPaths = (
			);
			outputPaths = (
				"$(DERIVED_FILE_DIR)/Pods-RoomAndSsance-checkManifestLockResult.txt",
			);
			runOnlyForDeploymentPostprocessing = 0;
			shellPath = /bin/sh;
			shellScript = "diff \"${PODS_PODFILE_DIR_PATH}/Podfile.lock\" \"${PODS_ROOT}/Manifest.lock\" > /dev/null\nif [ $? != 0 ] ; then\n    # print error to STDERR\n    echo \"error: The sandbox is not in sync with the Podfile.lock. Run 'pod install' or update your CocoaPods installation.\" >&2\n    exit 1\nfi\n# This output is used by Xcode 'outputs' to avoid re-running this script phase.\necho \"SUCCESS\" > \"${SCRIPT_OUTPUT_FILE_0}\"\n";
			showEnvVarsInLog = 0;
		};
		8355AA1939327B23A7A1136A /* [CP] Embed Pods Frameworks */ = {
			isa = PBXShellScriptBuildPhase;
			buildActionMask = 2147483647;
			files = (
			);
			inputFileListPaths = (
				"${PODS_ROOT}/Target Support Files/Pods-RoomAndSsance/Pods-RoomAndSsance-frameworks-${CONFIGURATION}-input-files.xcfilelist",
			);
			name = "[CP] Embed Pods Frameworks";
			outputFileListPaths = (
				"${PODS_ROOT}/Target Support Files/Pods-RoomAndSsance/Pods-RoomAndSsance-frameworks-${CONFIGURATION}-output-files.xcfilelist",
			);
			runOnlyForDeploymentPostprocessing = 0;
			shellPath = /bin/sh;
			shellScript = "\"${PODS_ROOT}/Target Support Files/Pods-RoomAndSsance/Pods-RoomAndSsance-frameworks.sh\"\n";
			showEnvVarsInLog = 0;
		};
/* End PBXShellScriptBuildPhase section */

/* Begin PBXSourcesBuildPhase section */
		C764505424E27428005F654B /* Sources */ = {
			isa = PBXSourcesBuildPhase;
			buildActionMask = 2147483647;
			files = (
				C7BA820A24EBA89500C2F739 /* MonthlyTimeTableViewController.swift in Sources */,
				C738166A24FCF0A000C34B8B /* HistoryCommentViewController.swift in Sources */,
				C7D19E2124F3A37D006A6E3B /* RoomNoticeTableViewCell.swift in Sources */,
				C738166824FCF08E00C34B8B /* HistoryPostViewController.swift in Sources */,
				C7D19E0B24EDFC8D006A6E3B /* MyPageViewController.swift in Sources */,
				C7BA821024EBB03200C2F739 /* MonthlyPagingCell.swift in Sources */,
				C796ABBB24FC7B6D000A2EC5 /* BoardViewController.swift in Sources */,
				C7D19E1124EFF039006A6E3B /* ClassPageViewController.swift in Sources */,
				C7D19E0524ECB7DA006A6E3B /* MonthlyCalendarViewController.swift in Sources */,
				C7D19E1D24F3A280006A6E3B /* RoomNoticeViewController.swift in Sources */,
				C7D19E0724ECFC71006A6E3B /* HomeViewController.swift in Sources */,
				C7BA821224EBB05700C2F739 /* UIColor+interpolation.swift in Sources */,
				C764506024E27428005F654B /* ViewController.swift in Sources */,
				C7BA821424EBB48C00C2F739 /* ContentViewController.swift in Sources */,
				C7BA820824EBA88E00C2F739 /* WeeklyTimeTableViewController.swift in Sources */,
				C7BA820E24EBAE3E00C2F739 /* DateFormatters.swift in Sources */,
				C7E631D224F77CBC0018A531 /* ClassReviewViewController.swift in Sources */,
				C738166424FCEF9B00C34B8B /* HistoryViewController.swift in Sources */,
				C764505C24E27428005F654B /* AppDelegate.swift in Sources */,
				C7D19E0324ECB25C006A6E3B /* ClassTableViewCell.swift in Sources */,
				C7BA81FF24EBA27000C2F739 /* TimeTableViewController.swift in Sources */,
				C7E631D024F77C9E0018A531 /* ClassScheduleViewController.swift in Sources */,
				C7D19E1324F3401D006A6E3B /* WeeklyPagingCell.swift in Sources */,
				C7E631CE24F77C320018A531 /* ClassInfoViewController.swift in Sources */,
				C7D19E0124ECB24C006A6E3B /* WeeklyCollectionViewCell.swift in Sources */,
				C7D19E0F24EE4D31006A6E3B /* MyPagePagingCell.swift in Sources */,
				C796ABBD24FC7CA1000A2EC5 /* RoomCommunityViewController.swift in Sources */,
				C7D19E1924F38EAE006A6E3B /* PaymentViewController.swift in Sources */,
				C7D19DFF24ECB242006A6E3B /* WeeklyCollectionViewController.swift in Sources */,
				C764505E24E27428005F654B /* SceneDelegate.swift in Sources */,
				C7D19E0D24EE0F86006A6E3B /* SettingViewController.swift in Sources */,
				C7D19E1724F38EA6006A6E3B /* ScrapViewController.swift in Sources */,
				C7BA820224EBA61A00C2F739 /* HorizontalFloatingHeaderLayout.swift in Sources */,
				C738166C24FCF0B100C34B8B /* HistoryLikeViewController.swift in Sources */,
				C7D19E1524F38E9D006A6E3B /* MyRoomViewController.swift in Sources */,
				C752854624FCC68700B37E5D /* RoomCommunityTableViewCell.swift in Sources */,
				C7BA820C24EBAA3B00C2F739 /* UIView+constraints.swift in Sources */,
			);
			runOnlyForDeploymentPostprocessing = 0;
		};
/* End PBXSourcesBuildPhase section */

/* Begin PBXVariantGroup section */
		C764506124E27428005F654B /* Main.storyboard */ = {
			isa = PBXVariantGroup;
			children = (
				C764506224E27428005F654B /* Base */,
			);
			name = Main.storyboard;
			sourceTree = "<group>";
		};
		C764506624E27429005F654B /* LaunchScreen.storyboard */ = {
			isa = PBXVariantGroup;
			children = (
				C764506724E27429005F654B /* Base */,
			);
			name = LaunchScreen.storyboard;
			sourceTree = "<group>";
		};
/* End PBXVariantGroup section */

/* Begin XCBuildConfiguration section */
		C764506A24E27429005F654B /* Debug */ = {
			isa = XCBuildConfiguration;
			buildSettings = {
				ALWAYS_SEARCH_USER_PATHS = NO;
				CLANG_ANALYZER_NONNULL = YES;
				CLANG_ANALYZER_NUMBER_OBJECT_CONVERSION = YES_AGGRESSIVE;
				CLANG_CXX_LANGUAGE_STANDARD = "gnu++14";
				CLANG_CXX_LIBRARY = "libc++";
				CLANG_ENABLE_MODULES = YES;
				CLANG_ENABLE_OBJC_ARC = YES;
				CLANG_ENABLE_OBJC_WEAK = YES;
				CLANG_WARN_BLOCK_CAPTURE_AUTORELEASING = YES;
				CLANG_WARN_BOOL_CONVERSION = YES;
				CLANG_WARN_COMMA = YES;
				CLANG_WARN_CONSTANT_CONVERSION = YES;
				CLANG_WARN_DEPRECATED_OBJC_IMPLEMENTATIONS = YES;
				CLANG_WARN_DIRECT_OBJC_ISA_USAGE = YES_ERROR;
				CLANG_WARN_DOCUMENTATION_COMMENTS = YES;
				CLANG_WARN_EMPTY_BODY = YES;
				CLANG_WARN_ENUM_CONVERSION = YES;
				CLANG_WARN_INFINITE_RECURSION = YES;
				CLANG_WARN_INT_CONVERSION = YES;
				CLANG_WARN_NON_LITERAL_NULL_CONVERSION = YES;
				CLANG_WARN_OBJC_IMPLICIT_RETAIN_SELF = YES;
				CLANG_WARN_OBJC_LITERAL_CONVERSION = YES;
				CLANG_WARN_OBJC_ROOT_CLASS = YES_ERROR;
				CLANG_WARN_RANGE_LOOP_ANALYSIS = YES;
				CLANG_WARN_STRICT_PROTOTYPES = YES;
				CLANG_WARN_SUSPICIOUS_MOVE = YES;
				CLANG_WARN_UNGUARDED_AVAILABILITY = YES_AGGRESSIVE;
				CLANG_WARN_UNREACHABLE_CODE = YES;
				CLANG_WARN__DUPLICATE_METHOD_MATCH = YES;
				COPY_PHASE_STRIP = NO;
				DEBUG_INFORMATION_FORMAT = dwarf;
				ENABLE_STRICT_OBJC_MSGSEND = YES;
				ENABLE_TESTABILITY = YES;
				GCC_C_LANGUAGE_STANDARD = gnu11;
				GCC_DYNAMIC_NO_PIC = NO;
				GCC_NO_COMMON_BLOCKS = YES;
				GCC_OPTIMIZATION_LEVEL = 0;
				GCC_PREPROCESSOR_DEFINITIONS = (
					"DEBUG=1",
					"$(inherited)",
				);
				GCC_WARN_64_TO_32_BIT_CONVERSION = YES;
				GCC_WARN_ABOUT_RETURN_TYPE = YES_ERROR;
				GCC_WARN_UNDECLARED_SELECTOR = YES;
				GCC_WARN_UNINITIALIZED_AUTOS = YES_AGGRESSIVE;
				GCC_WARN_UNUSED_FUNCTION = YES;
				GCC_WARN_UNUSED_VARIABLE = YES;
				IPHONEOS_DEPLOYMENT_TARGET = 13.6;
				MTL_ENABLE_DEBUG_INFO = INCLUDE_SOURCE;
				MTL_FAST_MATH = YES;
				ONLY_ACTIVE_ARCH = YES;
				SDKROOT = iphoneos;
				SWIFT_ACTIVE_COMPILATION_CONDITIONS = DEBUG;
				SWIFT_OPTIMIZATION_LEVEL = "-Onone";
			};
			name = Debug;
		};
		C764506B24E27429005F654B /* Release */ = {
			isa = XCBuildConfiguration;
			buildSettings = {
				ALWAYS_SEARCH_USER_PATHS = NO;
				CLANG_ANALYZER_NONNULL = YES;
				CLANG_ANALYZER_NUMBER_OBJECT_CONVERSION = YES_AGGRESSIVE;
				CLANG_CXX_LANGUAGE_STANDARD = "gnu++14";
				CLANG_CXX_LIBRARY = "libc++";
				CLANG_ENABLE_MODULES = YES;
				CLANG_ENABLE_OBJC_ARC = YES;
				CLANG_ENABLE_OBJC_WEAK = YES;
				CLANG_WARN_BLOCK_CAPTURE_AUTORELEASING = YES;
				CLANG_WARN_BOOL_CONVERSION = YES;
				CLANG_WARN_COMMA = YES;
				CLANG_WARN_CONSTANT_CONVERSION = YES;
				CLANG_WARN_DEPRECATED_OBJC_IMPLEMENTATIONS = YES;
				CLANG_WARN_DIRECT_OBJC_ISA_USAGE = YES_ERROR;
				CLANG_WARN_DOCUMENTATION_COMMENTS = YES;
				CLANG_WARN_EMPTY_BODY = YES;
				CLANG_WARN_ENUM_CONVERSION = YES;
				CLANG_WARN_INFINITE_RECURSION = YES;
				CLANG_WARN_INT_CONVERSION = YES;
				CLANG_WARN_NON_LITERAL_NULL_CONVERSION = YES;
				CLANG_WARN_OBJC_IMPLICIT_RETAIN_SELF = YES;
				CLANG_WARN_OBJC_LITERAL_CONVERSION = YES;
				CLANG_WARN_OBJC_ROOT_CLASS = YES_ERROR;
				CLANG_WARN_RANGE_LOOP_ANALYSIS = YES;
				CLANG_WARN_STRICT_PROTOTYPES = YES;
				CLANG_WARN_SUSPICIOUS_MOVE = YES;
				CLANG_WARN_UNGUARDED_AVAILABILITY = YES_AGGRESSIVE;
				CLANG_WARN_UNREACHABLE_CODE = YES;
				CLANG_WARN__DUPLICATE_METHOD_MATCH = YES;
				COPY_PHASE_STRIP = NO;
				DEBUG_INFORMATION_FORMAT = "dwarf-with-dsym";
				ENABLE_NS_ASSERTIONS = NO;
				ENABLE_STRICT_OBJC_MSGSEND = YES;
				GCC_C_LANGUAGE_STANDARD = gnu11;
				GCC_NO_COMMON_BLOCKS = YES;
				GCC_WARN_64_TO_32_BIT_CONVERSION = YES;
				GCC_WARN_ABOUT_RETURN_TYPE = YES_ERROR;
				GCC_WARN_UNDECLARED_SELECTOR = YES;
				GCC_WARN_UNINITIALIZED_AUTOS = YES_AGGRESSIVE;
				GCC_WARN_UNUSED_FUNCTION = YES;
				GCC_WARN_UNUSED_VARIABLE = YES;
				IPHONEOS_DEPLOYMENT_TARGET = 13.6;
				MTL_ENABLE_DEBUG_INFO = NO;
				MTL_FAST_MATH = YES;
				SDKROOT = iphoneos;
				SWIFT_COMPILATION_MODE = wholemodule;
				SWIFT_OPTIMIZATION_LEVEL = "-O";
				VALIDATE_PRODUCT = YES;
			};
			name = Release;
		};
		C764506D24E27429005F654B /* Debug */ = {
			isa = XCBuildConfiguration;
			baseConfigurationReference = 910CD985E17207E55336A6AB /* Pods-RoomAndSsance.debug.xcconfig */;
			buildSettings = {
				ASSETCATALOG_COMPILER_APPICON_NAME = AppIcon;
				CODE_SIGN_STYLE = Automatic;
				DEVELOPMENT_TEAM = 5WP2UJAGJQ;
				INFOPLIST_FILE = RoomAndSsance/Info.plist;
				LD_RUNPATH_SEARCH_PATHS = (
					"$(inherited)",
					"@executable_path/Frameworks",
				);
				PRODUCT_BUNDLE_IDENTIFIER = lygon.RoomAndSsance;
				PRODUCT_NAME = "$(TARGET_NAME)";
				SWIFT_VERSION = 5.0;
				TARGETED_DEVICE_FAMILY = "1,2";
			};
			name = Debug;
		};
		C764506E24E27429005F654B /* Release */ = {
			isa = XCBuildConfiguration;
			baseConfigurationReference = A67CF2B1835B877554A7A372 /* Pods-RoomAndSsance.release.xcconfig */;
			buildSettings = {
				ASSETCATALOG_COMPILER_APPICON_NAME = AppIcon;
				CODE_SIGN_STYLE = Automatic;
				DEVELOPMENT_TEAM = 5WP2UJAGJQ;
				INFOPLIST_FILE = RoomAndSsance/Info.plist;
				LD_RUNPATH_SEARCH_PATHS = (
					"$(inherited)",
					"@executable_path/Frameworks",
				);
				PRODUCT_BUNDLE_IDENTIFIER = lygon.RoomAndSsance;
				PRODUCT_NAME = "$(TARGET_NAME)";
				SWIFT_VERSION = 5.0;
				TARGETED_DEVICE_FAMILY = "1,2";
			};
			name = Release;
		};
/* End XCBuildConfiguration section */

/* Begin XCConfigurationList section */
		C764505324E27428005F654B /* Build configuration list for PBXProject "RoomAndSsance" */ = {
			isa = XCConfigurationList;
			buildConfigurations = (
				C764506A24E27429005F654B /* Debug */,
				C764506B24E27429005F654B /* Release */,
			);
			defaultConfigurationIsVisible = 0;
			defaultConfigurationName = Release;
		};
		C764506C24E27429005F654B /* Build configuration list for PBXNativeTarget "RoomAndSsance" */ = {
			isa = XCConfigurationList;
			buildConfigurations = (
				C764506D24E27429005F654B /* Debug */,
				C764506E24E27429005F654B /* Release */,
			);
			defaultConfigurationIsVisible = 0;
			defaultConfigurationName = Release;
		};
/* End XCConfigurationList section */
	};
	rootObject = C764505024E27428005F654B /* Project object */;
}
